
Microsoft Visual Studio Solution File, Format Version 12.00
# Visual Studio Version 17
VisualStudioVersion = 17.1.32421.90
MinimumVisualStudioVersion = 10.0.40219.1
Project("{9A19103F-16F7-4668-BE54-9A1E7A4F7556}") = "XivToolsWpf", "XivToolsWpf.csproj", "{22C24CE6-2984-4EFC-81C0-16DE28721071}"
EndProject
Global
	GlobalSection(SolutionConfigurationPlatforms) = preSolution
		Debug|Any CPU = Debug|Any CPU
		Release|Any CPU = Release|Any CPU
	EndGlobalSection
	GlobalSection(ProjectConfigurationPlatforms) = postSolution
		{22C24CE6-2984-4EFC-81C0-16DE28721071}.Debug|Any CPU.ActiveCfg = Debug|Any CPU
		{22C24CE6-2984-4EFC-81C0-16DE28721071}.Debug|Any CPU.Build.0 = Debug|Any CPU
		{22C24CE6-2984-4EFC-81C0-16DE28721071}.Release|Any CPU.ActiveCfg = Release|Any CPU
		{22C24CE6-2984-4EFC-81C0-16DE28721071}.Release|Any CPU.Build.0 = Release|Any CPU
	EndGlobalSection
	GlobalSection(SolutionProperties) = preSolution
		HideSolutionNode = FALSE
	EndGlobalSection
	GlobalSection(ExtensibilityGlobals) = postSolution
		SolutionGuid = {493EFD5E-E182-4AEB-B680-D995C5ABCD6D}
	EndGlobalSection
EndGlobal
